
Microsoft Visual Studio Solution File, Format Version 12.00
# Visual Studio Version 17
VisualStudioVersion = 17.5.33414.496
MinimumVisualStudioVersion = 10.0.40219.1
Project("{9A19103F-16F7-4668-BE54-9A1E7A4F7556}") = "Command", "Command\Command.csproj", "{485181C7-83A4-4BCB-9B72-74275220DB8A}"
EndProject
Project("{2150E333-8FDC-42A3-9474-1A3956D46DE8}") = "Gof", "Gof", "{1153E4FC-5F9D-4E21-9475-637DD765A1CF}"
EndProject
Project("{2150E333-8FDC-42A3-9474-1A3956D46DE8}") = "behavioral", "behavioral", "{BF222515-45EC-4334-BDBD-EAADCB65178E}"
EndProject
Project("{9A19103F-16F7-4668-BE54-9A1E7A4F7556}") = "ChainOfResponsibility", "ChainOfResponsibility\ChainOfResponsibility.csproj", "{46B3DE0F-3C7F-4EE1-B567-BE6DFE1B6E05}"
EndProject
Project("{9A19103F-16F7-4668-BE54-9A1E7A4F7556}") = "State", "State\State.csproj", "{06886B88-A84A-4818-BAA0-71164D55720D}"
EndProject
Project("{9A19103F-16F7-4668-BE54-9A1E7A4F7556}") = "Interpreter", "Interpreter\Interpreter.csproj", "{9BFD6377-3302-4CDA-BF45-1AF812FD5670}"
EndProject
Project("{9A19103F-16F7-4668-BE54-9A1E7A4F7556}") = "Iterator", "Iterator\Iterator.csproj", "{74CDD96D-EFE3-4A27-A904-565347B03D72}"
EndProject
Project("{9A19103F-16F7-4668-BE54-9A1E7A4F7556}") = "Mediator", "Mediator\Mediator.csproj", "{BFD03016-D1E0-4E90-BC75-BA902B54DAC2}"
EndProject
Project("{9A19103F-16F7-4668-BE54-9A1E7A4F7556}") = "Memento", "Memento\Memento.csproj", "{D577C83E-4D35-4185-B9AA-39116456B64C}"
EndProject
Project("{9A19103F-16F7-4668-BE54-9A1E7A4F7556}") = "Observer", "Observer\Observer.csproj", "{5B112C62-8D9F-4D2F-9F46-3F10D2D24100}"
EndProject
Project("{9A19103F-16F7-4668-BE54-9A1E7A4F7556}") = "Strategy", "Strategy\Strategy.csproj", "{CA514711-490B-4855-ACE4-87579A14440B}"
EndProject
Project("{9A19103F-16F7-4668-BE54-9A1E7A4F7556}") = "TemplateMethod", "TemplateMethod\TemplateMethod.csproj", "{44A4EBE9-CE44-436D-9C4C-DCC455316F6F}"
EndProject
Project("{9A19103F-16F7-4668-BE54-9A1E7A4F7556}") = "Visitor", "Visitor\Visitor.csproj", "{D2B9107E-6491-4E9A-990A-CE1FE0C885EE}"
EndProject
Project("{2150E333-8FDC-42A3-9474-1A3956D46DE8}") = "creational", "creational", "{4917E795-06A5-4DAB-AF49-BBE727F2281B}"
EndProject
Project("{FAE04EC0-301F-11D3-BF4B-00C04F79EFBC}") = "AbstractFactory", "AbstractFactory\AbstractFactory.csproj", "{687FF7AC-A350-479D-80A3-BEEF5C37FEBF}"
EndProject
Project("{FAE04EC0-301F-11D3-BF4B-00C04F79EFBC}") = "Builder", "Builder\Builder.csproj", "{018A1C2B-E186-49BD-A720-1F3EA842A1CE}"
EndProject
Project("{FAE04EC0-301F-11D3-BF4B-00C04F79EFBC}") = "Factory", "Factory\Factory.csproj", "{D46F5D0F-EADB-4765-A760-5B172CC0E0E6}"
EndProject
Project("{FAE04EC0-301F-11D3-BF4B-00C04F79EFBC}") = "Prototype", "Prototype\Prototype.csproj", "{6ADB0A66-9FAE-4C8C-BB1B-3615730D5A4D}"
EndProject
Project("{FAE04EC0-301F-11D3-BF4B-00C04F79EFBC}") = "Singleton", "Singleton\Singleton.csproj", "{49DBA257-2159-4571-81E6-C78F8CCF404C}"
EndProject
Project("{2150E333-8FDC-42A3-9474-1A3956D46DE8}") = "structural", "structural", "{F26D7EB8-B968-47F1-AAB8-18C1D5814134}"
EndProject
Project("{FAE04EC0-301F-11D3-BF4B-00C04F79EFBC}") = "Adapter", "Adapter\Adapter.csproj", "{717D4609-58B3-48B2-AD70-89F5A8EE82E8}"
EndProject
Project("{FAE04EC0-301F-11D3-BF4B-00C04F79EFBC}") = "Bridge", "Bridge\Bridge.csproj", "{3E418973-AF4B-426C-8CEC-0149D506FDE4}"
EndProject
Project("{FAE04EC0-301F-11D3-BF4B-00C04F79EFBC}") = "Composite", "Composite\Composite.csproj", "{E433019E-5A45-46BF-8982-208606CA6A2D}"
EndProject
Project("{FAE04EC0-301F-11D3-BF4B-00C04F79EFBC}") = "Decorator", "Decorator\Decorator.csproj", "{8BD83092-725F-4833-BD96-88C22D9608ED}"
EndProject
Global
	GlobalSection(SolutionConfigurationPlatforms) = preSolution
		Debug|Any CPU = Debug|Any CPU
		Release|Any CPU = Release|Any CPU
	EndGlobalSection
	GlobalSection(ProjectConfigurationPlatforms) = postSolution
		{485181C7-83A4-4BCB-9B72-74275220DB8A}.Debug|Any CPU.ActiveCfg = Debug|Any CPU
		{485181C7-83A4-4BCB-9B72-74275220DB8A}.Debug|Any CPU.Build.0 = Debug|Any CPU
		{485181C7-83A4-4BCB-9B72-74275220DB8A}.Release|Any CPU.ActiveCfg = Release|Any CPU
		{485181C7-83A4-4BCB-9B72-74275220DB8A}.Release|Any CPU.Build.0 = Release|Any CPU
		{46B3DE0F-3C7F-4EE1-B567-BE6DFE1B6E05}.Debug|Any CPU.ActiveCfg = Debug|Any CPU
		{46B3DE0F-3C7F-4EE1-B567-BE6DFE1B6E05}.Debug|Any CPU.Build.0 = Debug|Any CPU
		{46B3DE0F-3C7F-4EE1-B567-BE6DFE1B6E05}.Release|Any CPU.ActiveCfg = Release|Any CPU
		{46B3DE0F-3C7F-4EE1-B567-BE6DFE1B6E05}.Release|Any CPU.Build.0 = Release|Any CPU
		{06886B88-A84A-4818-BAA0-71164D55720D}.Debug|Any CPU.ActiveCfg = Debug|Any CPU
		{06886B88-A84A-4818-BAA0-71164D55720D}.Debug|Any CPU.Build.0 = Debug|Any CPU
		{06886B88-A84A-4818-BAA0-71164D55720D}.Release|Any CPU.ActiveCfg = Release|Any CPU
		{06886B88-A84A-4818-BAA0-71164D55720D}.Release|Any CPU.Build.0 = Release|Any CPU
		{9BFD6377-3302-4CDA-BF45-1AF812FD5670}.Debug|Any CPU.ActiveCfg = Debug|Any CPU
		{9BFD6377-3302-4CDA-BF45-1AF812FD5670}.Debug|Any CPU.Build.0 = Debug|Any CPU
		{9BFD6377-3302-4CDA-BF45-1AF812FD5670}.Release|Any CPU.ActiveCfg = Release|Any CPU
		{9BFD6377-3302-4CDA-BF45-1AF812FD5670}.Release|Any CPU.Build.0 = Release|Any CPU
		{74CDD96D-EFE3-4A27-A904-565347B03D72}.Debug|Any CPU.ActiveCfg = Debug|Any CPU
		{74CDD96D-EFE3-4A27-A904-565347B03D72}.Debug|Any CPU.Build.0 = Debug|Any CPU
		{74CDD96D-EFE3-4A27-A904-565347B03D72}.Release|Any CPU.ActiveCfg = Release|Any CPU
		{74CDD96D-EFE3-4A27-A904-565347B03D72}.Release|Any CPU.Build.0 = Release|Any CPU
		{BFD03016-D1E0-4E90-BC75-BA902B54DAC2}.Debug|Any CPU.ActiveCfg = Debug|Any CPU
		{BFD03016-D1E0-4E90-BC75-BA902B54DAC2}.Debug|Any CPU.Build.0 = Debug|Any CPU
		{BFD03016-D1E0-4E90-BC75-BA902B54DAC2}.Release|Any CPU.ActiveCfg = Release|Any CPU
		{BFD03016-D1E0-4E90-BC75-BA902B54DAC2}.Release|Any CPU.Build.0 = Release|Any CPU
		{D577C83E-4D35-4185-B9AA-39116456B64C}.Debug|Any CPU.ActiveCfg = Debug|Any CPU
		{D577C83E-4D35-4185-B9AA-39116456B64C}.Debug|Any CPU.Build.0 = Debug|Any CPU
		{D577C83E-4D35-4185-B9AA-39116456B64C}.Release|Any CPU.ActiveCfg = Release|Any CPU
		{D577C83E-4D35-4185-B9AA-39116456B64C}.Release|Any CPU.Build.0 = Release|Any CPU
		{5B112C62-8D9F-4D2F-9F46-3F10D2D24100}.Debug|Any CPU.ActiveCfg = Debug|Any CPU
		{5B112C62-8D9F-4D2F-9F46-3F10D2D24100}.Debug|Any CPU.Build.0 = Debug|Any CPU
		{5B112C62-8D9F-4D2F-9F46-3F10D2D24100}.Release|Any CPU.ActiveCfg = Release|Any CPU
		{5B112C62-8D9F-4D2F-9F46-3F10D2D24100}.Release|Any CPU.Build.0 = Release|Any CPU
		{CA514711-490B-4855-ACE4-87579A14440B}.Debug|Any CPU.ActiveCfg = Debug|Any CPU
		{CA514711-490B-4855-ACE4-87579A14440B}.Debug|Any CPU.Build.0 = Debug|Any CPU
		{CA514711-490B-4855-ACE4-87579A14440B}.Release|Any CPU.ActiveCfg = Release|Any CPU
		{CA514711-490B-4855-ACE4-87579A14440B}.Release|Any CPU.Build.0 = Release|Any CPU
		{44A4EBE9-CE44-436D-9C4C-DCC455316F6F}.Debug|Any CPU.ActiveCfg = Debug|Any CPU
		{44A4EBE9-CE44-436D-9C4C-DCC455316F6F}.Debug|Any CPU.Build.0 = Debug|Any CPU
		{44A4EBE9-CE44-436D-9C4C-DCC455316F6F}.Release|Any CPU.ActiveCfg = Release|Any CPU
		{44A4EBE9-CE44-436D-9C4C-DCC455316F6F}.Release|Any CPU.Build.0 = Release|Any CPU
		{D2B9107E-6491-4E9A-990A-CE1FE0C885EE}.Debug|Any CPU.ActiveCfg = Debug|Any CPU
		{D2B9107E-6491-4E9A-990A-CE1FE0C885EE}.Debug|Any CPU.Build.0 = Debug|Any CPU
		{D2B9107E-6491-4E9A-990A-CE1FE0C885EE}.Release|Any CPU.ActiveCfg = Release|Any CPU
		{D2B9107E-6491-4E9A-990A-CE1FE0C885EE}.Release|Any CPU.Build.0 = Release|Any CPU
		{687FF7AC-A350-479D-80A3-BEEF5C37FEBF}.Debug|Any CPU.ActiveCfg = Debug|Any CPU
		{687FF7AC-A350-479D-80A3-BEEF5C37FEBF}.Debug|Any CPU.Build.0 = Debug|Any CPU
		{687FF7AC-A350-479D-80A3-BEEF5C37FEBF}.Release|Any CPU.ActiveCfg = Release|Any CPU
		{687FF7AC-A350-479D-80A3-BEEF5C37FEBF}.Release|Any CPU.Build.0 = Release|Any CPU
		{018A1C2B-E186-49BD-A720-1F3EA842A1CE}.Debug|Any CPU.ActiveCfg = Debug|Any CPU
		{018A1C2B-E186-49BD-A720-1F3EA842A1CE}.Debug|Any CPU.Build.0 = Debug|Any CPU
		{018A1C2B-E186-49BD-A720-1F3EA842A1CE}.Release|Any CPU.ActiveCfg = Release|Any CPU
		{018A1C2B-E186-49BD-A720-1F3EA842A1CE}.Release|Any CPU.Build.0 = Release|Any CPU
		{D46F5D0F-EADB-4765-A760-5B172CC0E0E6}.Debug|Any CPU.ActiveCfg = Debug|Any CPU
		{D46F5D0F-EADB-4765-A760-5B172CC0E0E6}.Debug|Any CPU.Build.0 = Debug|Any CPU
		{D46F5D0F-EADB-4765-A760-5B172CC0E0E6}.Release|Any CPU.ActiveCfg = Release|Any CPU
		{D46F5D0F-EADB-4765-A760-5B172CC0E0E6}.Release|Any CPU.Build.0 = Release|Any CPU
		{6ADB0A66-9FAE-4C8C-BB1B-3615730D5A4D}.Debug|Any CPU.ActiveCfg = Debug|Any CPU
		{6ADB0A66-9FAE-4C8C-BB1B-3615730D5A4D}.Debug|Any CPU.Build.0 = Debug|Any CPU
		{6ADB0A66-9FAE-4C8C-BB1B-3615730D5A4D}.Release|Any CPU.ActiveCfg = Release|Any CPU
		{6ADB0A66-9FAE-4C8C-BB1B-3615730D5A4D}.Release|Any CPU.Build.0 = Release|Any CPU
		{49DBA257-2159-4571-81E6-C78F8CCF404C}.Debug|Any CPU.ActiveCfg = Debug|Any CPU
		{49DBA257-2159-4571-81E6-C78F8CCF404C}.Debug|Any CPU.Build.0 = Debug|Any CPU
		{49DBA257-2159-4571-81E6-C78F8CCF404C}.Release|Any CPU.ActiveCfg = Release|Any CPU
		{49DBA257-2159-4571-81E6-C78F8CCF404C}.Release|Any CPU.Build.0 = Release|Any CPU
		{717D4609-58B3-48B2-AD70-89F5A8EE82E8}.Debug|Any CPU.ActiveCfg = Debug|Any CPU
		{717D4609-58B3-48B2-AD70-89F5A8EE82E8}.Debug|Any CPU.Build.0 = Debug|Any CPU
		{717D4609-58B3-48B2-AD70-89F5A8EE82E8}.Release|Any CPU.ActiveCfg = Release|Any CPU
		{717D4609-58B3-48B2-AD70-89F5A8EE82E8}.Release|Any CPU.Build.0 = Release|Any CPU
		{3E418973-AF4B-426C-8CEC-0149D506FDE4}.Debug|Any CPU.ActiveCfg = Debug|Any CPU
		{3E418973-AF4B-426C-8CEC-0149D506FDE4}.Debug|Any CPU.Build.0 = Debug|Any CPU
		{3E418973-AF4B-426C-8CEC-0149D506FDE4}.Release|Any CPU.ActiveCfg = Release|Any CPU
		{3E418973-AF4B-426C-8CEC-0149D506FDE4}.Release|Any CPU.Build.0 = Release|Any CPU
		{E433019E-5A45-46BF-8982-208606CA6A2D}.Debug|Any CPU.ActiveCfg = Debug|Any CPU
		{E433019E-5A45-46BF-8982-208606CA6A2D}.Debug|Any CPU.Build.0 = Debug|Any CPU
		{E433019E-5A45-46BF-8982-208606CA6A2D}.Release|Any CPU.ActiveCfg = Release|Any CPU
		{E433019E-5A45-46BF-8982-208606CA6A2D}.Release|Any CPU.Build.0 = Release|Any CPU
		{8BD83092-725F-4833-BD96-88C22D9608ED}.Debug|Any CPU.ActiveCfg = Debug|Any CPU
		{8BD83092-725F-4833-BD96-88C22D9608ED}.Debug|Any CPU.Build.0 = Debug|Any CPU
		{8BD83092-725F-4833-BD96-88C22D9608ED}.Release|Any CPU.ActiveCfg = Release|Any CPU
		{8BD83092-725F-4833-BD96-88C22D9608ED}.Release|Any CPU.Build.0 = Release|Any CPU
	EndGlobalSection
	GlobalSection(SolutionProperties) = preSolution
		HideSolutionNode = FALSE
	EndGlobalSection
	GlobalSection(NestedProjects) = preSolution
		{485181C7-83A4-4BCB-9B72-74275220DB8A} = {BF222515-45EC-4334-BDBD-EAADCB65178E}
		{BF222515-45EC-4334-BDBD-EAADCB65178E} = {1153E4FC-5F9D-4E21-9475-637DD765A1CF}
		{46B3DE0F-3C7F-4EE1-B567-BE6DFE1B6E05} = {BF222515-45EC-4334-BDBD-EAADCB65178E}
		{06886B88-A84A-4818-BAA0-71164D55720D} = {BF222515-45EC-4334-BDBD-EAADCB65178E}
		{9BFD6377-3302-4CDA-BF45-1AF812FD5670} = {BF222515-45EC-4334-BDBD-EAADCB65178E}
		{74CDD96D-EFE3-4A27-A904-565347B03D72} = {BF222515-45EC-4334-BDBD-EAADCB65178E}
		{BFD03016-D1E0-4E90-BC75-BA902B54DAC2} = {BF222515-45EC-4334-BDBD-EAADCB65178E}
		{D577C83E-4D35-4185-B9AA-39116456B64C} = {BF222515-45EC-4334-BDBD-EAADCB65178E}
		{5B112C62-8D9F-4D2F-9F46-3F10D2D24100} = {BF222515-45EC-4334-BDBD-EAADCB65178E}
		{CA514711-490B-4855-ACE4-87579A14440B} = {BF222515-45EC-4334-BDBD-EAADCB65178E}
		{44A4EBE9-CE44-436D-9C4C-DCC455316F6F} = {BF222515-45EC-4334-BDBD-EAADCB65178E}
		{D2B9107E-6491-4E9A-990A-CE1FE0C885EE} = {BF222515-45EC-4334-BDBD-EAADCB65178E}
		{4917E795-06A5-4DAB-AF49-BBE727F2281B} = {1153E4FC-5F9D-4E21-9475-637DD765A1CF}
		{687FF7AC-A350-479D-80A3-BEEF5C37FEBF} = {4917E795-06A5-4DAB-AF49-BBE727F2281B}
		{018A1C2B-E186-49BD-A720-1F3EA842A1CE} = {4917E795-06A5-4DAB-AF49-BBE727F2281B}
		{D46F5D0F-EADB-4765-A760-5B172CC0E0E6} = {4917E795-06A5-4DAB-AF49-BBE727F2281B}
		{6ADB0A66-9FAE-4C8C-BB1B-3615730D5A4D} = {4917E795-06A5-4DAB-AF49-BBE727F2281B}
		{49DBA257-2159-4571-81E6-C78F8CCF404C} = {4917E795-06A5-4DAB-AF49-BBE727F2281B}
		{F26D7EB8-B968-47F1-AAB8-18C1D5814134} = {1153E4FC-5F9D-4E21-9475-637DD765A1CF}
		{717D4609-58B3-48B2-AD70-89F5A8EE82E8} = {F26D7EB8-B968-47F1-AAB8-18C1D5814134}
		{3E418973-AF4B-426C-8CEC-0149D506FDE4} = {F26D7EB8-B968-47F1-AAB8-18C1D5814134}
		{E433019E-5A45-46BF-8982-208606CA6A2D} = {F26D7EB8-B968-47F1-AAB8-18C1D5814134}
		{8BD83092-725F-4833-BD96-88C22D9608ED} = {F26D7EB8-B968-47F1-AAB8-18C1D5814134}
	EndGlobalSection
	GlobalSection(ExtensibilityGlobals) = postSolution
		SolutionGuid = {FCEAD149-72F3-447C-AF3D-8524EE5A69B3}
	EndGlobalSection
EndGlobal
